
Microsoft Visual Studio Solution File, Format Version 12.00
# Visual Studio Version 16
VisualStudioVersion = 16.0.28922.388
MinimumVisualStudioVersion = 10.0.40219.1
Project("{FAE04EC0-301F-11D3-BF4B-00C04F79EFBC}") = "Advent", "Advent\Advent.csproj", "{DF4A99DA-796A-4F65-8824-D9331B473C0B}"
EndProject
Global
	GlobalSection(SolutionConfigurationPlatforms) = preSolution
		Debug|Any CPU = Debug|Any CPU
		Release|Any CPU = Release|Any CPU
	EndGlobalSection
	GlobalSection(ProjectConfigurationPlatforms) = postSolution
		{DF4A99DA-796A-4F65-8824-D9331B473C0B}.Debug|Any CPU.ActiveCfg = Debug|Any CPU
		{DF4A99DA-796A-4F65-8824-D9331B473C0B}.Debug|Any CPU.Build.0 = Debug|Any CPU
		{DF4A99DA-796A-4F65-8824-D9331B473C0B}.Release|Any CPU.ActiveCfg = Release|Any CPU
		{DF4A99DA-796A-4F65-8824-D9331B473C0B}.Release|Any CPU.Build.0 = Release|Any CPU
	EndGlobalSection
	GlobalSection(SolutionProperties) = preSolution
		HideSolutionNode = FALSE
	EndGlobalSection
	GlobalSection(ExtensibilityGlobals) = postSolution
		SolutionGuid = {896F37B6-3235-4620-87F5-1F4C68E820F5}
	EndGlobalSection
EndGlobal
